
Microsoft Visual Studio Solution File, Format Version 12.00
# Visual Studio 15
VisualStudioVersion = 15.0.28010.2050
MinimumVisualStudioVersion = 10.0.40219.1
Project("{FAE04EC0-301F-11D3-BF4B-00C04F79EFBC}") = "RegTempus", "RegTempus\RegTempus.csproj", "{DE14DFF4-831B-46AD-B7F8-570E993AC4F8}"
EndProject
Global
	GlobalSection(SolutionConfigurationPlatforms) = preSolution
		Debug|Any CPU = Debug|Any CPU
		Release|Any CPU = Release|Any CPU
	EndGlobalSection
	GlobalSection(ProjectConfigurationPlatforms) = postSolution
		{DE14DFF4-831B-46AD-B7F8-570E993AC4F8}.Debug|Any CPU.ActiveCfg = Debug|Any CPU
		{DE14DFF4-831B-46AD-B7F8-570E993AC4F8}.Debug|Any CPU.Build.0 = Debug|Any CPU
		{DE14DFF4-831B-46AD-B7F8-570E993AC4F8}.Release|Any CPU.ActiveCfg = Release|Any CPU
		{DE14DFF4-831B-46AD-B7F8-570E993AC4F8}.Release|Any CPU.Build.0 = Release|Any CPU
	EndGlobalSection
	GlobalSection(SolutionProperties) = preSolution
		HideSolutionNode = FALSE
	EndGlobalSection
	GlobalSection(ExtensibilityGlobals) = postSolution
		SolutionGuid = {A8846085-BA50-43B4-AB9E-827D099DE070}
	EndGlobalSection
EndGlobal
